
Microsoft Visual Studio Solution File, Format Version 12.00
# Visual Studio 15
VisualStudioVersion = 15.0.27428.2027
MinimumVisualStudioVersion = 10.0.40219.1
Project("{FAE04EC0-301F-11D3-BF4B-00C04F79EFBC}") = "FootprintsMigration.Core", "FootprintsMigration.Core\FootprintsMigration.Core.csproj", "{D9C881AD-E361-466F-A4A4-FB7283C016DB}"
EndProject
Project("{FAE04EC0-301F-11D3-BF4B-00C04F79EFBC}") = "FootprintsMigration.Runner", "FootprintsMigration.Runner\FootprintsMigration.Runner.csproj", "{A88D7B48-EC3F-437A-A220-B1DFCEFFD2B3}"
EndProject
Global
	GlobalSection(SolutionConfigurationPlatforms) = preSolution
		Debug|Any CPU = Debug|Any CPU
		Release|Any CPU = Release|Any CPU
	EndGlobalSection
	GlobalSection(ProjectConfigurationPlatforms) = postSolution
		{D9C881AD-E361-466F-A4A4-FB7283C016DB}.Debug|Any CPU.ActiveCfg = Debug|Any CPU
		{D9C881AD-E361-466F-A4A4-FB7283C016DB}.Debug|Any CPU.Build.0 = Debug|Any CPU
		{D9C881AD-E361-466F-A4A4-FB7283C016DB}.Release|Any CPU.ActiveCfg = Release|Any CPU
		{D9C881AD-E361-466F-A4A4-FB7283C016DB}.Release|Any CPU.Build.0 = Release|Any CPU
		{A88D7B48-EC3F-437A-A220-B1DFCEFFD2B3}.Debug|Any CPU.ActiveCfg = Debug|Any CPU
		{A88D7B48-EC3F-437A-A220-B1DFCEFFD2B3}.Debug|Any CPU.Build.0 = Debug|Any CPU
		{A88D7B48-EC3F-437A-A220-B1DFCEFFD2B3}.Release|Any CPU.ActiveCfg = Release|Any CPU
		{A88D7B48-EC3F-437A-A220-B1DFCEFFD2B3}.Release|Any CPU.Build.0 = Release|Any CPU
	EndGlobalSection
	GlobalSection(SolutionProperties) = preSolution
		HideSolutionNode = FALSE
	EndGlobalSection
	GlobalSection(ExtensibilityGlobals) = postSolution
		SolutionGuid = {5AD03B86-9A81-467B-826E-86970BC7D956}
	EndGlobalSection
EndGlobal
